
Microsoft Visual Studio Solution File, Format Version 12.00
# Visual Studio 2012
Project("{FAE04EC0-301F-11D3-BF4B-00C04F79EFBC}") = "BluemixIoT", "BluemixIoT\BluemixIoT.csproj", "{E910DDC1-2D26-4B31-8A9E-C9AE1F67667E}"
EndProject
Project("{FAE04EC0-301F-11D3-BF4B-00C04F79EFBC}") = "BluemixIoT.iOS", "iOS\BluemixIoT.iOS.csproj", "{E2C687FA-A1E9-4ACD-B780-A213953F6F62}"
EndProject
Project("{FAE04EC0-301F-11D3-BF4B-00C04F79EFBC}") = "BluemixIoT.Droid", "Droid\BluemixIoT.Droid.csproj", "{8B19675B-2616-495E-9F61-7CB618E0B21F}"
EndProject
Global
	GlobalSection(SolutionConfigurationPlatforms) = preSolution
		Debug|Any CPU = Debug|Any CPU
		Release|Any CPU = Release|Any CPU
		Debug|iPhoneSimulator = Debug|iPhoneSimulator
		Release|iPhone = Release|iPhone
		Release|iPhoneSimulator = Release|iPhoneSimulator
		Debug|iPhone = Debug|iPhone
	EndGlobalSection
	GlobalSection(ProjectConfigurationPlatforms) = postSolution
		{8B19675B-2616-495E-9F61-7CB618E0B21F}.Debug|Any CPU.ActiveCfg = Debug|Any CPU
		{8B19675B-2616-495E-9F61-7CB618E0B21F}.Debug|Any CPU.Build.0 = Debug|Any CPU
		{8B19675B-2616-495E-9F61-7CB618E0B21F}.Debug|iPhone.ActiveCfg = Debug|Any CPU
		{8B19675B-2616-495E-9F61-7CB618E0B21F}.Debug|iPhone.Build.0 = Debug|Any CPU
		{8B19675B-2616-495E-9F61-7CB618E0B21F}.Debug|iPhoneSimulator.ActiveCfg = Debug|Any CPU
		{8B19675B-2616-495E-9F61-7CB618E0B21F}.Debug|iPhoneSimulator.Build.0 = Debug|Any CPU
		{8B19675B-2616-495E-9F61-7CB618E0B21F}.Release|Any CPU.ActiveCfg = Release|Any CPU
		{8B19675B-2616-495E-9F61-7CB618E0B21F}.Release|Any CPU.Build.0 = Release|Any CPU
		{8B19675B-2616-495E-9F61-7CB618E0B21F}.Release|iPhone.ActiveCfg = Release|Any CPU
		{8B19675B-2616-495E-9F61-7CB618E0B21F}.Release|iPhone.Build.0 = Release|Any CPU
		{8B19675B-2616-495E-9F61-7CB618E0B21F}.Release|iPhoneSimulator.ActiveCfg = Release|Any CPU
		{8B19675B-2616-495E-9F61-7CB618E0B21F}.Release|iPhoneSimulator.Build.0 = Release|Any CPU
		{E2C687FA-A1E9-4ACD-B780-A213953F6F62}.Debug|Any CPU.ActiveCfg = Debug|iPhoneSimulator
		{E2C687FA-A1E9-4ACD-B780-A213953F6F62}.Debug|Any CPU.Build.0 = Debug|iPhoneSimulator
		{E2C687FA-A1E9-4ACD-B780-A213953F6F62}.Debug|iPhone.ActiveCfg = Debug|iPhone
		{E2C687FA-A1E9-4ACD-B780-A213953F6F62}.Debug|iPhone.Build.0 = Debug|iPhone
		{E2C687FA-A1E9-4ACD-B780-A213953F6F62}.Debug|iPhoneSimulator.ActiveCfg = Debug|iPhoneSimulator
		{E2C687FA-A1E9-4ACD-B780-A213953F6F62}.Debug|iPhoneSimulator.Build.0 = Debug|iPhoneSimulator
		{E2C687FA-A1E9-4ACD-B780-A213953F6F62}.Release|Any CPU.ActiveCfg = Release|iPhone
		{E2C687FA-A1E9-4ACD-B780-A213953F6F62}.Release|Any CPU.Build.0 = Release|iPhone
		{E2C687FA-A1E9-4ACD-B780-A213953F6F62}.Release|iPhone.ActiveCfg = Release|iPhone
		{E2C687FA-A1E9-4ACD-B780-A213953F6F62}.Release|iPhone.Build.0 = Release|iPhone
		{E2C687FA-A1E9-4ACD-B780-A213953F6F62}.Release|iPhoneSimulator.ActiveCfg = Release|iPhoneSimulator
		{E2C687FA-A1E9-4ACD-B780-A213953F6F62}.Release|iPhoneSimulator.Build.0 = Release|iPhoneSimulator
		{E910DDC1-2D26-4B31-8A9E-C9AE1F67667E}.Debug|Any CPU.ActiveCfg = Debug|Any CPU
		{E910DDC1-2D26-4B31-8A9E-C9AE1F67667E}.Debug|Any CPU.Build.0 = Debug|Any CPU
		{E910DDC1-2D26-4B31-8A9E-C9AE1F67667E}.Debug|iPhone.ActiveCfg = Debug|Any CPU
		{E910DDC1-2D26-4B31-8A9E-C9AE1F67667E}.Debug|iPhone.Build.0 = Debug|Any CPU
		{E910DDC1-2D26-4B31-8A9E-C9AE1F67667E}.Debug|iPhoneSimulator.ActiveCfg = Debug|Any CPU
		{E910DDC1-2D26-4B31-8A9E-C9AE1F67667E}.Debug|iPhoneSimulator.Build.0 = Debug|Any CPU
		{E910DDC1-2D26-4B31-8A9E-C9AE1F67667E}.Release|Any CPU.ActiveCfg = Release|Any CPU
		{E910DDC1-2D26-4B31-8A9E-C9AE1F67667E}.Release|Any CPU.Build.0 = Release|Any CPU
		{E910DDC1-2D26-4B31-8A9E-C9AE1F67667E}.Release|iPhone.ActiveCfg = Release|Any CPU
		{E910DDC1-2D26-4B31-8A9E-C9AE1F67667E}.Release|iPhone.Build.0 = Release|Any CPU
		{E910DDC1-2D26-4B31-8A9E-C9AE1F67667E}.Release|iPhoneSimulator.ActiveCfg = Release|Any CPU
		{E910DDC1-2D26-4B31-8A9E-C9AE1F67667E}.Release|iPhoneSimulator.Build.0 = Release|Any CPU
	EndGlobalSection
EndGlobal
